
Microsoft Visual Studio Solution File, Format Version 12.00
# Visual Studio Version 16
VisualStudioVersion = 16.0.29102.190
MinimumVisualStudioVersion = 10.0.40219.1
Project("{FAE04EC0-301F-11D3-BF4B-00C04F79EFBC}") = "Main", "Main\Main.csproj", "{0BC14E88-EFCB-474B-9B3A-33A5044A69BA}"
EndProject
Global
	GlobalSection(SolutionConfigurationPlatforms) = preSolution
		Debug|Any CPU = Debug|Any CPU
		Release|Any CPU = Release|Any CPU
	EndGlobalSection
	GlobalSection(ProjectConfigurationPlatforms) = postSolution
		{0BC14E88-EFCB-474B-9B3A-33A5044A69BA}.Debug|Any CPU.ActiveCfg = Debug|Any CPU
		{0BC14E88-EFCB-474B-9B3A-33A5044A69BA}.Debug|Any CPU.Build.0 = Debug|Any CPU
		{0BC14E88-EFCB-474B-9B3A-33A5044A69BA}.Release|Any CPU.ActiveCfg = Release|Any CPU
		{0BC14E88-EFCB-474B-9B3A-33A5044A69BA}.Release|Any CPU.Build.0 = Release|Any CPU
	EndGlobalSection
	GlobalSection(SolutionProperties) = preSolution
		HideSolutionNode = FALSE
	EndGlobalSection
	GlobalSection(ExtensibilityGlobals) = postSolution
		SolutionGuid = {EE1E20A6-0A60-445B-B764-D0878293C801}
	EndGlobalSection
EndGlobal
